// !$*UTF8*$!
{
	archiveVersion = 1;
	classes = {
	};
	objectVersion = 56;
	objects = {

/* Begin PBXBuildFile section */
		62E6BD3766A06836C894F65F /* Pods_Ritsumeikan.framework in Frameworks */ = {isa = PBXBuildFile; fileRef = 317E934D9D8F76F57481F153 /* Pods_Ritsumeikan.framework */; };
		9E16710E2C52B4460090784D /* EditableTableViewCell.swift in Sources */ = {isa = PBXBuildFile; fileRef = 9E16710D2C52B4460090784D /* EditableTableViewCell.swift */; };
		9E1B44182B8B37900050EE1F /* ClassCollectionViewCell.swift in Sources */ = {isa = PBXBuildFile; fileRef = 9E1B44172B8B37900050EE1F /* ClassCollectionViewCell.swift */; };
		9E4B5F092AE116BD00E2F11F /* NotifyManager.swift in Sources */ = {isa = PBXBuildFile; fileRef = 9E4B5F082AE116BD00E2F11F /* NotifyManager.swift */; };
		9E546D902B98EB3F008E4A49 /* ClassInfoPopupViewController.swift in Sources */ = {isa = PBXBuildFile; fileRef = 9E546D8F2B98EB3F008E4A49 /* ClassInfoPopupViewController.swift */; };
		9E69E1C42B3E6F4A005E3FAE /* DataManager.swift in Sources */ = {isa = PBXBuildFile; fileRef = 9E69E1C32B3E6F4A005E3FAE /* DataManager.swift */; };
		9E73D1092A15C926009E8116 /* AppDelegate.swift in Sources */ = {isa = PBXBuildFile; fileRef = 9E73D1082A15C926009E8116 /* AppDelegate.swift */; };
		9E73D10B2A15C926009E8116 /* SceneDelegate.swift in Sources */ = {isa = PBXBuildFile; fileRef = 9E73D10A2A15C926009E8116 /* SceneDelegate.swift */; };
		9E73D10D2A15C926009E8116 /* ViewController.swift in Sources */ = {isa = PBXBuildFile; fileRef = 9E73D10C2A15C926009E8116 /* ViewController.swift */; };
		9E73D1102A15C926009E8116 /* Main.storyboard in Resources */ = {isa = PBXBuildFile; fileRef = 9E73D10E2A15C926009E8116 /* Main.storyboard */; };
		9E73D1122A15C928009E8116 /* Assets.xcassets in Resources */ = {isa = PBXBuildFile; fileRef = 9E73D1112A15C928009E8116 /* Assets.xcassets */; };
		9E73D1152A15C928009E8116 /* LaunchScreen.storyboard in Resources */ = {isa = PBXBuildFile; fileRef = 9E73D1132A15C928009E8116 /* LaunchScreen.storyboard */; };
		9E73D11E2A15C970009E8116 /* SwiftSoup in Frameworks */ = {isa = PBXBuildFile; productRef = 9E73D11D2A15C970009E8116 /* SwiftSoup */; };
		9E73D1202A15C9A5009E8116 /* ManabaScraper.swift in Sources */ = {isa = PBXBuildFile; fileRef = 9E73D11F2A15C9A5009E8116 /* ManabaScraper.swift */; };
		9E7CB99B2A7A318800CA5D83 /* TaskTableViewCell.swift in Sources */ = {isa = PBXBuildFile; fileRef = 9E7CB99A2A7A318800CA5D83 /* TaskTableViewCell.swift */; };
		9E7CB99E2A835A8B00CA5D83 /* MyDataModel.xcdatamodeld in Sources */ = {isa = PBXBuildFile; fileRef = 9E7CB99C2A835A8B00CA5D83 /* MyDataModel.xcdatamodeld */; };
		9E7CB9A82A8BBC0800CA5D83 /* TaskData.swift in Sources */ = {isa = PBXBuildFile; fileRef = 9E7CB9A72A8BBC0800CA5D83 /* TaskData.swift */; };
		9E7F258C2BB9D5F800A94D04 /* manaba.html in Resources */ = {isa = PBXBuildFile; fileRef = 9E7F258B2BB9D5F800A94D04 /* manaba.html */; };
		9E7F34F22B70063700BF2BF0 /* ClassDataManager.swift in Sources */ = {isa = PBXBuildFile; fileRef = 9E7F34F12B70063700BF2BF0 /* ClassDataManager.swift */; };
		9E89C5DA2A5C2FF50036D1A2 /* SecondViewController.swift in Sources */ = {isa = PBXBuildFile; fileRef = 9E89C5D92A5C2FF50036D1A2 /* SecondViewController.swift */; };
		9E8EDECF2BF075A500F860F6 /* NotificationData.swift in Sources */ = {isa = PBXBuildFile; fileRef = 9E8EDECE2BF075A500F860F6 /* NotificationData.swift */; };
		9E9B7D202BBD580200368941 /* manaba_full_rowspan.html in Resources */ = {isa = PBXBuildFile; fileRef = 9E9B7D1F2BBD580200368941 /* manaba_full_rowspan.html */; };
		9EA1F6C92B70DB6500FB8E12 /* TaskDataStore+CoreDataClass.swift in Sources */ = {isa = PBXBuildFile; fileRef = 9EA1F6C52B70DB6500FB8E12 /* TaskDataStore+CoreDataClass.swift */; };
		9EA1F6CA2B70DB6500FB8E12 /* TaskDataStore+CoreDataProperties.swift in Sources */ = {isa = PBXBuildFile; fileRef = 9EA1F6C62B70DB6500FB8E12 /* TaskDataStore+CoreDataProperties.swift */; };
		9EA1F6CF2B70DC4A00FB8E12 /* MyClassDataStore+CoreDataClass.swift in Sources */ = {isa = PBXBuildFile; fileRef = 9EA1F6CD2B70DC4A00FB8E12 /* MyClassDataStore+CoreDataClass.swift */; };
		9EA1F6D02B70DC4A00FB8E12 /* MyClassDataStore+CoreDataProperties.swift in Sources */ = {isa = PBXBuildFile; fileRef = 9EA1F6CE2B70DC4A00FB8E12 /* MyClassDataStore+CoreDataProperties.swift */; };
		9EA7326D2C3D1326007B5982 /* UnregisteredClassesPopupViewController.swift in Sources */ = {isa = PBXBuildFile; fileRef = 9EA7326C2C3D1326007B5982 /* UnregisteredClassesPopupViewController.swift */; };
		9EA732712C451B2A007B5982 /* UnChangeableClassInfoPopupViewController.swift in Sources */ = {isa = PBXBuildFile; fileRef = 9EA732702C451B2A007B5982 /* UnChangeableClassInfoPopupViewController.swift */; };
		9EB18A1E2A983F4000FFB502 /* DateArrayTransformer.swift in Sources */ = {isa = PBXBuildFile; fileRef = 9EB18A1D2A983F4000FFB502 /* DateArrayTransformer.swift */; };
		9EBF2C932AEBA89200FB6211 /* TaskDataManager.swift in Sources */ = {isa = PBXBuildFile; fileRef = 9EBF2C922AEBA89200FB6211 /* TaskDataManager.swift */; };
		9ED58BE12A8C7151006708FB /* ClassData.swift in Sources */ = {isa = PBXBuildFile; fileRef = 9ED58BE02A8C7151006708FB /* ClassData.swift */; };
		9EDFB0E92BF447FB006E9F64 /* NotificationViewController.swift in Sources */ = {isa = PBXBuildFile; fileRef = 9EDFB0E82BF447FB006E9F64 /* NotificationViewController.swift */; };
		9EDFB0EB2BF4630E006E9F64 /* DatePickerViewController.swift in Sources */ = {isa = PBXBuildFile; fileRef = 9EDFB0EA2BF4630E006E9F64 /* DatePickerViewController.swift */; };
		9EDFB0ED2BF46811006E9F64 /* HalfSizePresentationController.swift in Sources */ = {isa = PBXBuildFile; fileRef = 9EDFB0EC2BF46811006E9F64 /* HalfSizePresentationController.swift */; };
/* End PBXBuildFile section */

/* Begin PBXFileReference section */
		026658DD5116C2F84D1FB6A3 /* Pods-Ritsumeikan.release.xcconfig */ = {isa = PBXFileReference; includeInIndex = 1; lastKnownFileType = text.xcconfig; name = "Pods-Ritsumeikan.release.xcconfig"; path = "Target Support Files/Pods-Ritsumeikan/Pods-Ritsumeikan.release.xcconfig"; sourceTree = "<group>"; };
		1229F789A556625AC2100515 /* Pods-Ritsumeikan.debug.xcconfig */ = {isa = PBXFileReference; includeInIndex = 1; lastKnownFileType = text.xcconfig; name = "Pods-Ritsumeikan.debug.xcconfig"; path = "Target Support Files/Pods-Ritsumeikan/Pods-Ritsumeikan.debug.xcconfig"; sourceTree = "<group>"; };
		317E934D9D8F76F57481F153 /* Pods_Ritsumeikan.framework */ = {isa = PBXFileReference; explicitFileType = wrapper.framework; includeInIndex = 0; path = Pods_Ritsumeikan.framework; sourceTree = BUILT_PRODUCTS_DIR; };
		9E16710D2C52B4460090784D /* EditableTableViewCell.swift */ = {isa = PBXFileReference; lastKnownFileType = sourcecode.swift; path = EditableTableViewCell.swift; sourceTree = "<group>"; };
		9E1B44172B8B37900050EE1F /* ClassCollectionViewCell.swift */ = {isa = PBXFileReference; lastKnownFileType = sourcecode.swift; path = ClassCollectionViewCell.swift; sourceTree = "<group>"; };
		9E4B5F082AE116BD00E2F11F /* NotifyManager.swift */ = {isa = PBXFileReference; lastKnownFileType = sourcecode.swift; path = NotifyManager.swift; sourceTree = "<group>"; };
		9E546D8F2B98EB3F008E4A49 /* ClassInfoPopupViewController.swift */ = {isa = PBXFileReference; lastKnownFileType = sourcecode.swift; path = ClassInfoPopupViewController.swift; sourceTree = "<group>"; };
		9E69E1C32B3E6F4A005E3FAE /* DataManager.swift */ = {isa = PBXFileReference; lastKnownFileType = sourcecode.swift; path = DataManager.swift; sourceTree = "<group>"; };
		9E73D1052A15C926009E8116 /* Ritsumeikan.app */ = {isa = PBXFileReference; explicitFileType = wrapper.application; includeInIndex = 0; path = Ritsumeikan.app; sourceTree = BUILT_PRODUCTS_DIR; };
		9E73D1082A15C926009E8116 /* AppDelegate.swift */ = {isa = PBXFileReference; lastKnownFileType = sourcecode.swift; path = AppDelegate.swift; sourceTree = "<group>"; };
		9E73D10A2A15C926009E8116 /* SceneDelegate.swift */ = {isa = PBXFileReference; lastKnownFileType = sourcecode.swift; path = SceneDelegate.swift; sourceTree = "<group>"; };
		9E73D10C2A15C926009E8116 /* ViewController.swift */ = {isa = PBXFileReference; lastKnownFileType = sourcecode.swift; path = ViewController.swift; sourceTree = "<group>"; };
		9E73D10F2A15C926009E8116 /* Base */ = {isa = PBXFileReference; lastKnownFileType = file.storyboard; name = Base; path = Base.lproj/Main.storyboard; sourceTree = "<group>"; };
		9E73D1112A15C928009E8116 /* Assets.xcassets */ = {isa = PBXFileReference; lastKnownFileType = folder.assetcatalog; path = Assets.xcassets; sourceTree = "<group>"; };
		9E73D1142A15C928009E8116 /* Base */ = {isa = PBXFileReference; lastKnownFileType = file.storyboard; name = Base; path = Base.lproj/LaunchScreen.storyboard; sourceTree = "<group>"; };
		9E73D1162A15C928009E8116 /* Info.plist */ = {isa = PBXFileReference; lastKnownFileType = text.plist.xml; path = Info.plist; sourceTree = "<group>"; };
		9E73D11F2A15C9A5009E8116 /* ManabaScraper.swift */ = {isa = PBXFileReference; lastKnownFileType = sourcecode.swift; path = ManabaScraper.swift; sourceTree = "<group>"; };
		9E7CB99A2A7A318800CA5D83 /* TaskTableViewCell.swift */ = {isa = PBXFileReference; lastKnownFileType = sourcecode.swift; path = TaskTableViewCell.swift; sourceTree = "<group>"; };
		9E7CB99D2A835A8B00CA5D83 /* MyDataModel.xcdatamodel */ = {isa = PBXFileReference; lastKnownFileType = wrapper.xcdatamodel; path = MyDataModel.xcdatamodel; sourceTree = "<group>"; };
		9E7CB9A72A8BBC0800CA5D83 /* TaskData.swift */ = {isa = PBXFileReference; lastKnownFileType = sourcecode.swift; path = TaskData.swift; sourceTree = "<group>"; };
		9E7F258B2BB9D5F800A94D04 /* manaba.html */ = {isa = PBXFileReference; fileEncoding = 4; lastKnownFileType = text.html; path = manaba.html; sourceTree = "<group>"; };
		9E7F34F12B70063700BF2BF0 /* ClassDataManager.swift */ = {isa = PBXFileReference; lastKnownFileType = sourcecode.swift; path = ClassDataManager.swift; sourceTree = "<group>"; };
		9E89C5D92A5C2FF50036D1A2 /* SecondViewController.swift */ = {isa = PBXFileReference; lastKnownFileType = sourcecode.swift; path = SecondViewController.swift; sourceTree = "<group>"; };
		9E8EDECE2BF075A500F860F6 /* NotificationData.swift */ = {isa = PBXFileReference; lastKnownFileType = sourcecode.swift; path = NotificationData.swift; sourceTree = "<group>"; };
		9E9B7D1F2BBD580200368941 /* manaba_full_rowspan.html */ = {isa = PBXFileReference; fileEncoding = 4; lastKnownFileType = text.html; path = manaba_full_rowspan.html; sourceTree = "<group>"; };
		9EA1F6C52B70DB6500FB8E12 /* TaskDataStore+CoreDataClass.swift */ = {isa = PBXFileReference; lastKnownFileType = sourcecode.swift; path = "TaskDataStore+CoreDataClass.swift"; sourceTree = "<group>"; };
		9EA1F6C62B70DB6500FB8E12 /* TaskDataStore+CoreDataProperties.swift */ = {isa = PBXFileReference; lastKnownFileType = sourcecode.swift; path = "TaskDataStore+CoreDataProperties.swift"; sourceTree = "<group>"; };
		9EA1F6CD2B70DC4A00FB8E12 /* MyClassDataStore+CoreDataClass.swift */ = {isa = PBXFileReference; lastKnownFileType = sourcecode.swift; path = "MyClassDataStore+CoreDataClass.swift"; sourceTree = "<group>"; };
		9EA1F6CE2B70DC4A00FB8E12 /* MyClassDataStore+CoreDataProperties.swift */ = {isa = PBXFileReference; lastKnownFileType = sourcecode.swift; path = "MyClassDataStore+CoreDataProperties.swift"; sourceTree = "<group>"; };
		9EA7326C2C3D1326007B5982 /* UnregisteredClassesPopupViewController.swift */ = {isa = PBXFileReference; lastKnownFileType = sourcecode.swift; path = UnregisteredClassesPopupViewController.swift; sourceTree = "<group>"; };
		9EA732702C451B2A007B5982 /* UnChangeableClassInfoPopupViewController.swift */ = {isa = PBXFileReference; lastKnownFileType = sourcecode.swift; path = UnChangeableClassInfoPopupViewController.swift; sourceTree = "<group>"; };
		9EB18A1D2A983F4000FFB502 /* DateArrayTransformer.swift */ = {isa = PBXFileReference; lastKnownFileType = sourcecode.swift; path = DateArrayTransformer.swift; sourceTree = "<group>"; };
		9EBF2C922AEBA89200FB6211 /* TaskDataManager.swift */ = {isa = PBXFileReference; lastKnownFileType = sourcecode.swift; path = TaskDataManager.swift; sourceTree = "<group>"; };
		9ED58BE02A8C7151006708FB /* ClassData.swift */ = {isa = PBXFileReference; lastKnownFileType = sourcecode.swift; path = ClassData.swift; sourceTree = "<group>"; };
		9EDFB0E82BF447FB006E9F64 /* NotificationViewController.swift */ = {isa = PBXFileReference; lastKnownFileType = sourcecode.swift; path = NotificationViewController.swift; sourceTree = "<group>"; };
		9EDFB0EA2BF4630E006E9F64 /* DatePickerViewController.swift */ = {isa = PBXFileReference; lastKnownFileType = sourcecode.swift; path = DatePickerViewController.swift; sourceTree = "<group>"; };
		9EDFB0EC2BF46811006E9F64 /* HalfSizePresentationController.swift */ = {isa = PBXFileReference; lastKnownFileType = sourcecode.swift; path = HalfSizePresentationController.swift; sourceTree = "<group>"; };
/* End PBXFileReference section */

/* Begin PBXFrameworksBuildPhase section */
		9E73D1022A15C926009E8116 /* Frameworks */ = {
			isa = PBXFrameworksBuildPhase;
			buildActionMask = 2147483647;
			files = (
				9E73D11E2A15C970009E8116 /* SwiftSoup in Frameworks */,
				62E6BD3766A06836C894F65F /* Pods_Ritsumeikan.framework in Frameworks */,
			);
			runOnlyForDeploymentPostprocessing = 0;
		};
/* End PBXFrameworksBuildPhase section */

/* Begin PBXGroup section */
		9E73D0FC2A15C926009E8116 = {
			isa = PBXGroup;
			children = (
				9EA1F6CD2B70DC4A00FB8E12 /* MyClassDataStore+CoreDataClass.swift */,
				9EA1F6CE2B70DC4A00FB8E12 /* MyClassDataStore+CoreDataProperties.swift */,
				9EA1F6C52B70DB6500FB8E12 /* TaskDataStore+CoreDataClass.swift */,
				9EA1F6C62B70DB6500FB8E12 /* TaskDataStore+CoreDataProperties.swift */,
				9E7CB99C2A835A8B00CA5D83 /* MyDataModel.xcdatamodeld */,
				9E73D1072A15C926009E8116 /* Techcrunch */,
				9E73D1062A15C926009E8116 /* Products */,
				E2F8A4E3D8C63DE27947883B /* Pods */,
				F78F75309E74F65B7AEEB2EF /* Frameworks */,
			);
			sourceTree = "<group>";
		};
		9E73D1062A15C926009E8116 /* Products */ = {
			isa = PBXGroup;
			children = (
				9E73D1052A15C926009E8116 /* Ritsumeikan.app */,
			);
			name = Products;
			sourceTree = "<group>";
		};
		9E73D1072A15C926009E8116 /* Techcrunch */ = {
			isa = PBXGroup;
			children = (
				9E73D1082A15C926009E8116 /* AppDelegate.swift */,
				9EB18A1D2A983F4000FFB502 /* DateArrayTransformer.swift */,
				9E73D10A2A15C926009E8116 /* SceneDelegate.swift */,
				9E73D10C2A15C926009E8116 /* ViewController.swift */,
				9EDFB0EC2BF46811006E9F64 /* HalfSizePresentationController.swift */,
				9E73D10E2A15C926009E8116 /* Main.storyboard */,
				9E7CB99A2A7A318800CA5D83 /* TaskTableViewCell.swift */,
				9E89C5D92A5C2FF50036D1A2 /* SecondViewController.swift */,
				9EA7326C2C3D1326007B5982 /* UnregisteredClassesPopupViewController.swift */,
				9EDFB0E82BF447FB006E9F64 /* NotificationViewController.swift */,
				9EDFB0EA2BF4630E006E9F64 /* DatePickerViewController.swift */,
				9E4B5F082AE116BD00E2F11F /* NotifyManager.swift */,
				9E69E1C32B3E6F4A005E3FAE /* DataManager.swift */,
				9E7F34F12B70063700BF2BF0 /* ClassDataManager.swift */,
				9EBF2C922AEBA89200FB6211 /* TaskDataManager.swift */,
				9E1B44172B8B37900050EE1F /* ClassCollectionViewCell.swift */,
				9E546D8F2B98EB3F008E4A49 /* ClassInfoPopupViewController.swift */,
				9E16710D2C52B4460090784D /* EditableTableViewCell.swift */,
				9EA732702C451B2A007B5982 /* UnChangeableClassInfoPopupViewController.swift */,
				9E73D1112A15C928009E8116 /* Assets.xcassets */,
				9E73D1132A15C928009E8116 /* LaunchScreen.storyboard */,
				9E73D1162A15C928009E8116 /* Info.plist */,
				9E73D11F2A15C9A5009E8116 /* ManabaScraper.swift */,
				9E7F258B2BB9D5F800A94D04 /* manaba.html */,
				9E9B7D1F2BBD580200368941 /* manaba_full_rowspan.html */,
				9E7CB9A72A8BBC0800CA5D83 /* TaskData.swift */,
				9ED58BE02A8C7151006708FB /* ClassData.swift */,
				9E8EDECE2BF075A500F860F6 /* NotificationData.swift */,
			);
			path = Techcrunch;
			sourceTree = "<group>";
		};
		E2F8A4E3D8C63DE27947883B /* Pods */ = {
			isa = PBXGroup;
			children = (
				1229F789A556625AC2100515 /* Pods-Ritsumeikan.debug.xcconfig */,
				026658DD5116C2F84D1FB6A3 /* Pods-Ritsumeikan.release.xcconfig */,
			);
			name = Pods;
			path = Pods;
			sourceTree = "<group>";
		};
		F78F75309E74F65B7AEEB2EF /* Frameworks */ = {
			isa = PBXGroup;
			children = (
				317E934D9D8F76F57481F153 /* Pods_Ritsumeikan.framework */,
			);
			name = Frameworks;
			sourceTree = "<group>";
		};
/* End PBXGroup section */

/* Begin PBXNativeTarget section */
		9E73D1042A15C926009E8116 /* Ritsumeikan */ = {
			isa = PBXNativeTarget;
			buildConfigurationList = 9E73D1192A15C928009E8116 /* Build configuration list for PBXNativeTarget "Ritsumeikan" */;
			buildPhases = (
				C1396535EF86D063FF4BF716 /* [CP] Check Pods Manifest.lock */,
				9E73D1012A15C926009E8116 /* Sources */,
				9E73D1022A15C926009E8116 /* Frameworks */,
				9E73D1032A15C926009E8116 /* Resources */,
				FEF637A5C87AFF2C28CAB976 /* [CP] Embed Pods Frameworks */,
			);
			buildRules = (
			);
			dependencies = (
			);
			name = Ritsumeikan;
			packageProductDependencies = (
				9E73D11D2A15C970009E8116 /* SwiftSoup */,
			);
			productName = Techcrunch;
			productReference = 9E73D1052A15C926009E8116 /* Ritsumeikan.app */;
			productType = "com.apple.product-type.application";
		};
/* End PBXNativeTarget section */

/* Begin PBXProject section */
		9E73D0FD2A15C926009E8116 /* Project object */ = {
			isa = PBXProject;
			attributes = {
				BuildIndependentTargetsInParallel = 1;
				LastSwiftUpdateCheck = 1430;
				LastUpgradeCheck = 1430;
				TargetAttributes = {
					9E73D1042A15C926009E8116 = {
						CreatedOnToolsVersion = 14.3;
					};
				};
			};
			buildConfigurationList = 9E73D1002A15C926009E8116 /* Build configuration list for PBXProject "Ritsumeikan" */;
			compatibilityVersion = "Xcode 14.0";
			developmentRegion = en;
			hasScannedForEncodings = 0;
			knownRegions = (
				en,
				Base,
			);
			mainGroup = 9E73D0FC2A15C926009E8116;
			packageReferences = (
				9E73D11C2A15C970009E8116 /* XCRemoteSwiftPackageReference "SwiftSoup.git" */,
			);
			productRefGroup = 9E73D1062A15C926009E8116 /* Products */;
			projectDirPath = "";
			projectRoot = "";
			targets = (
				9E73D1042A15C926009E8116 /* Ritsumeikan */,
			);
		};
/* End PBXProject section */

/* Begin PBXResourcesBuildPhase section */
		9E73D1032A15C926009E8116 /* Resources */ = {
			isa = PBXResourcesBuildPhase;
			buildActionMask = 2147483647;
			files = (
				9E73D1152A15C928009E8116 /* LaunchScreen.storyboard in Resources */,
				9E73D1122A15C928009E8116 /* Assets.xcassets in Resources */,
				9E9B7D202BBD580200368941 /* manaba_full_rowspan.html in Resources */,
				9E7F258C2BB9D5F800A94D04 /* manaba.html in Resources */,
				9E73D1102A15C926009E8116 /* Main.storyboard in Resources */,
			);
			runOnlyForDeploymentPostprocessing = 0;
		};
/* End PBXResourcesBuildPhase section */

/* Begin PBXShellScriptBuildPhase section */
		C1396535EF86D063FF4BF716 /* [CP] Check Pods Manifest.lock */ = {
			isa = PBXShellScriptBuildPhase;
			buildActionMask = 2147483647;
			files = (
			);
			inputFileListPaths = (
			);
			inputPaths = (
				"${PODS_PODFILE_DIR_PATH}/Podfile.lock",
				"${PODS_ROOT}/Manifest.lock",
			);
			name = "[CP] Check Pods Manifest.lock";
			outputFileListPaths = (
			);
			outputPaths = (
				"$(DERIVED_FILE_DIR)/Pods-Ritsumeikan-checkManifestLockResult.txt",
			);
			runOnlyForDeploymentPostprocessing = 0;
			shellPath = /bin/sh;
			shellScript = "diff \"${PODS_PODFILE_DIR_PATH}/Podfile.lock\" \"${PODS_ROOT}/Manifest.lock\" > /dev/null\nif [ $? != 0 ] ; then\n    # print error to STDERR\n    echo \"error: The sandbox is not in sync with the Podfile.lock. Run 'pod install' or update your CocoaPods installation.\" >&2\n    exit 1\nfi\n# This output is used by Xcode 'outputs' to avoid re-running this script phase.\necho \"SUCCESS\" > \"${SCRIPT_OUTPUT_FILE_0}\"\n";
			showEnvVarsInLog = 0;
		};
		FEF637A5C87AFF2C28CAB976 /* [CP] Embed Pods Frameworks */ = {
			isa = PBXShellScriptBuildPhase;
			buildActionMask = 2147483647;
			files = (
			);
			inputFileListPaths = (
				"${PODS_ROOT}/Target Support Files/Pods-Ritsumeikan/Pods-Ritsumeikan-frameworks-${CONFIGURATION}-input-files.xcfilelist",
			);
			name = "[CP] Embed Pods Frameworks";
			outputFileListPaths = (
				"${PODS_ROOT}/Target Support Files/Pods-Ritsumeikan/Pods-Ritsumeikan-frameworks-${CONFIGURATION}-output-files.xcfilelist",
			);
			runOnlyForDeploymentPostprocessing = 0;
			shellPath = /bin/sh;
			shellScript = "\"${PODS_ROOT}/Target Support Files/Pods-Ritsumeikan/Pods-Ritsumeikan-frameworks.sh\"\n";
			showEnvVarsInLog = 0;
		};
/* End PBXShellScriptBuildPhase section */

/* Begin PBXSourcesBuildPhase section */
		9E73D1012A15C926009E8116 /* Sources */ = {
			isa = PBXSourcesBuildPhase;
			buildActionMask = 2147483647;
			files = (
				9E16710E2C52B4460090784D /* EditableTableViewCell.swift in Sources */,
				9E546D902B98EB3F008E4A49 /* ClassInfoPopupViewController.swift in Sources */,
				9E89C5DA2A5C2FF50036D1A2 /* SecondViewController.swift in Sources */,
				9EB18A1E2A983F4000FFB502 /* DateArrayTransformer.swift in Sources */,
				9E7CB9A82A8BBC0800CA5D83 /* TaskData.swift in Sources */,
				9EA7326D2C3D1326007B5982 /* UnregisteredClassesPopupViewController.swift in Sources */,
				9EDFB0ED2BF46811006E9F64 /* HalfSizePresentationController.swift in Sources */,
				9EDFB0EB2BF4630E006E9F64 /* DatePickerViewController.swift in Sources */,
				9EA732712C451B2A007B5982 /* UnChangeableClassInfoPopupViewController.swift in Sources */,
				9E8EDECF2BF075A500F860F6 /* NotificationData.swift in Sources */,
				9EA1F6CF2B70DC4A00FB8E12 /* MyClassDataStore+CoreDataClass.swift in Sources */,
				9EA1F6CA2B70DB6500FB8E12 /* TaskDataStore+CoreDataProperties.swift in Sources */,
				9EDFB0E92BF447FB006E9F64 /* NotificationViewController.swift in Sources */,
				9E1B44182B8B37900050EE1F /* ClassCollectionViewCell.swift in Sources */,
				9E4B5F092AE116BD00E2F11F /* NotifyManager.swift in Sources */,
				9E73D10D2A15C926009E8116 /* ViewController.swift in Sources */,
				9EBF2C932AEBA89200FB6211 /* TaskDataManager.swift in Sources */,
				9E73D1202A15C9A5009E8116 /* ManabaScraper.swift in Sources */,
				9E7F34F22B70063700BF2BF0 /* ClassDataManager.swift in Sources */,
				9EA1F6C92B70DB6500FB8E12 /* TaskDataStore+CoreDataClass.swift in Sources */,
				9E7CB99E2A835A8B00CA5D83 /* MyDataModel.xcdatamodeld in Sources */,
				9EA1F6D02B70DC4A00FB8E12 /* MyClassDataStore+CoreDataProperties.swift in Sources */,
				9E7CB99B2A7A318800CA5D83 /* TaskTableViewCell.swift in Sources */,
				9E73D1092A15C926009E8116 /* AppDelegate.swift in Sources */,
				9E69E1C42B3E6F4A005E3FAE /* DataManager.swift in Sources */,
				9E73D10B2A15C926009E8116 /* SceneDelegate.swift in Sources */,
				9ED58BE12A8C7151006708FB /* ClassData.swift in Sources */,
			);
			runOnlyForDeploymentPostprocessing = 0;
		};
/* End PBXSourcesBuildPhase section */

/* Begin PBXVariantGroup section */
		9E73D10E2A15C926009E8116 /* Main.storyboard */ = {
			isa = PBXVariantGroup;
			children = (
				9E73D10F2A15C926009E8116 /* Base */,
			);
			name = Main.storyboard;
			sourceTree = "<group>";
		};
		9E73D1132A15C928009E8116 /* LaunchScreen.storyboard */ = {
			isa = PBXVariantGroup;
			children = (
				9E73D1142A15C928009E8116 /* Base */,
			);
			name = LaunchScreen.storyboard;
			sourceTree = "<group>";
		};
/* End PBXVariantGroup section */

/* Begin XCBuildConfiguration section */
		9E73D1172A15C928009E8116 /* Debug */ = {
			isa = XCBuildConfiguration;
			buildSettings = {
				ALWAYS_SEARCH_USER_PATHS = NO;
				CLANG_ANALYZER_NONNULL = YES;
				CLANG_ANALYZER_NUMBER_OBJECT_CONVERSION = YES_AGGRESSIVE;
				CLANG_CXX_LANGUAGE_STANDARD = "gnu++20";
				CLANG_ENABLE_MODULES = YES;
				CLANG_ENABLE_OBJC_ARC = YES;
				CLANG_ENABLE_OBJC_WEAK = YES;
				CLANG_WARN_BLOCK_CAPTURE_AUTORELEASING = YES;
				CLANG_WARN_BOOL_CONVERSION = YES;
				CLANG_WARN_COMMA = YES;
				CLANG_WARN_CONSTANT_CONVERSION = YES;
				CLANG_WARN_DEPRECATED_OBJC_IMPLEMENTATIONS = YES;
				CLANG_WARN_DIRECT_OBJC_ISA_USAGE = YES_ERROR;
				CLANG_WARN_DOCUMENTATION_COMMENTS = YES;
				CLANG_WARN_EMPTY_BODY = YES;
				CLANG_WARN_ENUM_CONVERSION = YES;
				CLANG_WARN_INFINITE_RECURSION = YES;
				CLANG_WARN_INT_CONVERSION = YES;
				CLANG_WARN_NON_LITERAL_NULL_CONVERSION = YES;
				CLANG_WARN_OBJC_IMPLICIT_RETAIN_SELF = YES;
				CLANG_WARN_OBJC_LITERAL_CONVERSION = YES;
				CLANG_WARN_OBJC_ROOT_CLASS = YES_ERROR;
				CLANG_WARN_QUOTED_INCLUDE_IN_FRAMEWORK_HEADER = YES;
				CLANG_WARN_RANGE_LOOP_ANALYSIS = YES;
				CLANG_WARN_STRICT_PROTOTYPES = YES;
				CLANG_WARN_SUSPICIOUS_MOVE = YES;
				CLANG_WARN_UNGUARDED_AVAILABILITY = YES_AGGRESSIVE;
				CLANG_WARN_UNREACHABLE_CODE = YES;
				CLANG_WARN__DUPLICATE_METHOD_MATCH = YES;
				COPY_PHASE_STRIP = NO;
				DEBUG_INFORMATION_FORMAT = dwarf;
				ENABLE_STRICT_OBJC_MSGSEND = YES;
				ENABLE_TESTABILITY = YES;
				GCC_C_LANGUAGE_STANDARD = gnu11;
				GCC_DYNAMIC_NO_PIC = NO;
				GCC_NO_COMMON_BLOCKS = YES;
				GCC_OPTIMIZATION_LEVEL = 0;
				GCC_PREPROCESSOR_DEFINITIONS = (
					"DEBUG=1",
					"$(inherited)",
				);
				GCC_WARN_64_TO_32_BIT_CONVERSION = YES;
				GCC_WARN_ABOUT_RETURN_TYPE = YES_ERROR;
				GCC_WARN_UNDECLARED_SELECTOR = YES;
				GCC_WARN_UNINITIALIZED_AUTOS = YES_AGGRESSIVE;
				GCC_WARN_UNUSED_FUNCTION = YES;
				GCC_WARN_UNUSED_VARIABLE = YES;
				IPHONEOS_DEPLOYMENT_TARGET = 16.4;
				MTL_ENABLE_DEBUG_INFO = INCLUDE_SOURCE;
				MTL_FAST_MATH = YES;
				ONLY_ACTIVE_ARCH = YES;
				SDKROOT = iphoneos;
				SWIFT_ACTIVE_COMPILATION_CONDITIONS = DEBUG;
				SWIFT_OPTIMIZATION_LEVEL = "-Onone";
			};
			name = Debug;
		};
		9E73D1182A15C928009E8116 /* Release */ = {
			isa = XCBuildConfiguration;
			buildSettings = {
				ALWAYS_SEARCH_USER_PATHS = NO;
				CLANG_ANALYZER_NONNULL = YES;
				CLANG_ANALYZER_NUMBER_OBJECT_CONVERSION = YES_AGGRESSIVE;
				CLANG_CXX_LANGUAGE_STANDARD = "gnu++20";
				CLANG_ENABLE_MODULES = YES;
				CLANG_ENABLE_OBJC_ARC = YES;
				CLANG_ENABLE_OBJC_WEAK = YES;
				CLANG_WARN_BLOCK_CAPTURE_AUTORELEASING = YES;
				CLANG_WARN_BOOL_CONVERSION = YES;
				CLANG_WARN_COMMA = YES;
				CLANG_WARN_CONSTANT_CONVERSION = YES;
				CLANG_WARN_DEPRECATED_OBJC_IMPLEMENTATIONS = YES;
				CLANG_WARN_DIRECT_OBJC_ISA_USAGE = YES_ERROR;
				CLANG_WARN_DOCUMENTATION_COMMENTS = YES;
				CLANG_WARN_EMPTY_BODY = YES;
				CLANG_WARN_ENUM_CONVERSION = YES;
				CLANG_WARN_INFINITE_RECURSION = YES;
				CLANG_WARN_INT_CONVERSION = YES;
				CLANG_WARN_NON_LITERAL_NULL_CONVERSION = YES;
				CLANG_WARN_OBJC_IMPLICIT_RETAIN_SELF = YES;
				CLANG_WARN_OBJC_LITERAL_CONVERSION = YES;
				CLANG_WARN_OBJC_ROOT_CLASS = YES_ERROR;
				CLANG_WARN_QUOTED_INCLUDE_IN_FRAMEWORK_HEADER = YES;
				CLANG_WARN_RANGE_LOOP_ANALYSIS = YES;
				CLANG_WARN_STRICT_PROTOTYPES = YES;
				CLANG_WARN_SUSPICIOUS_MOVE = YES;
				CLANG_WARN_UNGUARDED_AVAILABILITY = YES_AGGRESSIVE;
				CLANG_WARN_UNREACHABLE_CODE = YES;
				CLANG_WARN__DUPLICATE_METHOD_MATCH = YES;
				COPY_PHASE_STRIP = NO;
				DEBUG_INFORMATION_FORMAT = "dwarf-with-dsym";
				ENABLE_NS_ASSERTIONS = NO;
				ENABLE_STRICT_OBJC_MSGSEND = YES;
				GCC_C_LANGUAGE_STANDARD = gnu11;
				GCC_NO_COMMON_BLOCKS = YES;
				GCC_WARN_64_TO_32_BIT_CONVERSION = YES;
				GCC_WARN_ABOUT_RETURN_TYPE = YES_ERROR;
				GCC_WARN_UNDECLARED_SELECTOR = YES;
				GCC_WARN_UNINITIALIZED_AUTOS = YES_AGGRESSIVE;
				GCC_WARN_UNUSED_FUNCTION = YES;
				GCC_WARN_UNUSED_VARIABLE = YES;
				IPHONEOS_DEPLOYMENT_TARGET = 16.4;
				MTL_ENABLE_DEBUG_INFO = NO;
				MTL_FAST_MATH = YES;
				SDKROOT = iphoneos;
				SWIFT_COMPILATION_MODE = wholemodule;
				SWIFT_OPTIMIZATION_LEVEL = "-O";
				VALIDATE_PRODUCT = YES;
			};
			name = Release;
		};
		9E73D11A2A15C928009E8116 /* Debug */ = {
			isa = XCBuildConfiguration;
			baseConfigurationReference = 1229F789A556625AC2100515 /* Pods-Ritsumeikan.debug.xcconfig */;
			buildSettings = {
				ASSETCATALOG_COMPILER_APPICON_NAME = AppIcon;
				ASSETCATALOG_COMPILER_GLOBAL_ACCENT_COLOR_NAME = AccentColor;
				CODE_SIGN_STYLE = Automatic;
				CURRENT_PROJECT_VERSION = 1;
				DEVELOPMENT_TEAM = 64FK4T6J94;
				GENERATE_INFOPLIST_FILE = YES;
				INFOPLIST_FILE = Techcrunch/Info.plist;
				INFOPLIST_KEY_CFBundleDisplayName = Ritsumeikan;
				INFOPLIST_KEY_UIApplicationSupportsIndirectInputEvents = YES;
				INFOPLIST_KEY_UILaunchStoryboardName = LaunchScreen;
				INFOPLIST_KEY_UIMainStoryboardFile = Main;
				INFOPLIST_KEY_UISupportedInterfaceOrientations_iPad = "UIInterfaceOrientationPortrait UIInterfaceOrientationPortraitUpsideDown UIInterfaceOrientationLandscapeLeft UIInterfaceOrientationLandscapeRight";
				INFOPLIST_KEY_UISupportedInterfaceOrientations_iPhone = "UIInterfaceOrientationPortrait UIInterfaceOrientationLandscapeLeft UIInterfaceOrientationLandscapeRight";
				LD_RUNPATH_SEARCH_PATHS = (
					"$(inherited)",
					"@executable_path/Frameworks",
				);
				MARKETING_VERSION = 1.0;
				PRODUCT_BUNDLE_IDENTIFIER = com.suzuki.Techcrunch;
				PRODUCT_NAME = "$(TARGET_NAME)";
				SWIFT_EMIT_LOC_STRINGS = YES;
				SWIFT_VERSION = 5.0;
				TARGETED_DEVICE_FAMILY = "1,2";
			};
			name = Debug;
		};
		9E73D11B2A15C928009E8116 /* Release */ = {
			isa = XCBuildConfiguration;
			baseConfigurationReference = 026658DD5116C2F84D1FB6A3 /* Pods-Ritsumeikan.release.xcconfig */;
			buildSettings = {
				ASSETCATALOG_COMPILER_APPICON_NAME = AppIcon;
				ASSETCATALOG_COMPILER_GLOBAL_ACCENT_COLOR_NAME = AccentColor;
				CODE_SIGN_STYLE = Automatic;
				CURRENT_PROJECT_VERSION = 1;
				DEVELOPMENT_TEAM = 64FK4T6J94;
				GENERATE_INFOPLIST_FILE = YES;
				INFOPLIST_FILE = Techcrunch/Info.plist;
				INFOPLIST_KEY_CFBundleDisplayName = Ritsumeikan;
				INFOPLIST_KEY_UIApplicationSupportsIndirectInputEvents = YES;
				INFOPLIST_KEY_UILaunchStoryboardName = LaunchScreen;
				INFOPLIST_KEY_UIMainStoryboardFile = Main;
				INFOPLIST_KEY_UISupportedInterfaceOrientations_iPad = "UIInterfaceOrientationPortrait UIInterfaceOrientationPortraitUpsideDown UIInterfaceOrientationLandscapeLeft UIInterfaceOrientationLandscapeRight";
				INFOPLIST_KEY_UISupportedInterfaceOrientations_iPhone = "UIInterfaceOrientationPortrait UIInterfaceOrientationLandscapeLeft UIInterfaceOrientationLandscapeRight";
				LD_RUNPATH_SEARCH_PATHS = (
					"$(inherited)",
					"@executable_path/Frameworks",
				);
				MARKETING_VERSION = 1.0;
				PRODUCT_BUNDLE_IDENTIFIER = com.suzuki.Techcrunch;
				PRODUCT_NAME = "$(TARGET_NAME)";
				SWIFT_EMIT_LOC_STRINGS = YES;
				SWIFT_VERSION = 5.0;
				TARGETED_DEVICE_FAMILY = "1,2";
			};
			name = Release;
		};
/* End XCBuildConfiguration section */

/* Begin XCConfigurationList section */
		9E73D1002A15C926009E8116 /* Build configuration list for PBXProject "Ritsumeikan" */ = {
			isa = XCConfigurationList;
			buildConfigurations = (
				9E73D1172A15C928009E8116 /* Debug */,
				9E73D1182A15C928009E8116 /* Release */,
			);
			defaultConfigurationIsVisible = 0;
			defaultConfigurationName = Release;
		};
		9E73D1192A15C928009E8116 /* Build configuration list for PBXNativeTarget "Ritsumeikan" */ = {
			isa = XCConfigurationList;
			buildConfigurations = (
				9E73D11A2A15C928009E8116 /* Debug */,
				9E73D11B2A15C928009E8116 /* Release */,
			);
			defaultConfigurationIsVisible = 0;
			defaultConfigurationName = Release;
		};
/* End XCConfigurationList section */

/* Begin XCRemoteSwiftPackageReference section */
		9E73D11C2A15C970009E8116 /* XCRemoteSwiftPackageReference "SwiftSoup.git" */ = {
			isa = XCRemoteSwiftPackageReference;
			repositoryURL = "https://github.com/scinfu/SwiftSoup.git";
			requirement = {
				branch = master;
				kind = branch;
			};
		};
/* End XCRemoteSwiftPackageReference section */

/* Begin XCSwiftPackageProductDependency section */
		9E73D11D2A15C970009E8116 /* SwiftSoup */ = {
			isa = XCSwiftPackageProductDependency;
			package = 9E73D11C2A15C970009E8116 /* XCRemoteSwiftPackageReference "SwiftSoup.git" */;
			productName = SwiftSoup;
		};
/* End XCSwiftPackageProductDependency section */

/* Begin XCVersionGroup section */
		9E7CB99C2A835A8B00CA5D83 /* MyDataModel.xcdatamodeld */ = {
			isa = XCVersionGroup;
			children = (
				9E7CB99D2A835A8B00CA5D83 /* MyDataModel.xcdatamodel */,
			);
			currentVersion = 9E7CB99D2A835A8B00CA5D83 /* MyDataModel.xcdatamodel */;
			path = MyDataModel.xcdatamodeld;
			sourceTree = "<group>";
			versionGroupType = wrapper.xcdatamodel;
		};
/* End XCVersionGroup section */
	};
	rootObject = 9E73D0FD2A15C926009E8116 /* Project object */;
}
